<?xml version="1.0" encoding="utf-8"?>
<Project ToolsVersion="4.0" xmlns="http://schemas.microsoft.com/developer/msbuild/2003">
  <ItemGroup>
    <Filter Include="Archivos de origen">
      <UniqueIdentifier>{4FC737F1-C7A5-4376-A066-2A32D752A2FF}</UniqueIdentifier>
      <Extensions>cpp;c;cc;cxx;def;odl;idl;hpj;bat;asm;asmx</Extensions>
    </Filter>
    <Filter Include="Archivos de encabezado">
      <UniqueIdentifier>{93995380-89BD-4b04-88EB-625FBE52EBFB}</UniqueIdentifier>
      <Extensions>h;hh;hpp;hxx;hm;inl;inc;ipp;xsd</Extensions>
    </Filter>
    <Filter Include="Archivos de recursos">
      <UniqueIdentifier>{67DA6AB6-F800-4c08-8B7A-83BB121AAD01}</UniqueIdentifier>
      <Extensions>rc;ico;cur;bmp;dlg;rc2;rct;bin;rgs;gif;jpg;jpeg;jpe;resx;tiff;tif;png;wav;mfcribbon-ms</Extensions>
    </Filter>
    <Filter Include="Archivos de encabezado\Components">
      <UniqueIdentifier>{e0e6b706-849b-49c3-9e7d-5db3b65d4e65}</UniqueIdentifier>
    </Filter>
    <Filter Include="Archivos de encabezado\Helpers">
      <UniqueIdentifier>{6a0d5474-27b0-4a5c-8450-708bfced151e}</UniqueIdentifier>
    </Filter>
    <Filter Include="Archivos de encabezado\VisualStudio">
      <UniqueIdentifier>{22ab88a1-c4fa-4314-825c-fca48d8f2b01}</UniqueIdentifier>
    </Filter>
    <Filter Include="Archivos de encabezado\Objects">
      <UniqueIdentifier>{d7ecb7de-949d-4a6c-a7f7-cb4fcbd2592d}</UniqueIdentifier>
    </Filter>
    <Filter Include="Archivos de origen\Component">
      <UniqueIdentifier>{0dad74ab-60bd-434f-8af0-4241c301f1f8}</UniqueIdentifier>
    </Filter>
    <Filter Include="Archivos de origen\Helpers">
      <UniqueIdentifier>{913a4c99-cf11-419b-8a32-1f3393af48a1}</UniqueIdentifier>
    </Filter>
    <Filter Include="Archivos de origen\Objects">
      <UniqueIdentifier>{2111b6fe-6f8c-4b83-9a19-07db23070610}</UniqueIdentifier>
    </Filter>
    <Filter Include="Archivos de encabezado\ResourcesManagers">
      <UniqueIdentifier>{b6336ca0-7afc-4a9f-9552-bd09d579469c}</UniqueIdentifier>
    </Filter>
    <Filter Include="Archivos de origen\ResourcesManagers">
      <UniqueIdentifier>{8889d868-e66e-4f4a-bfcb-f64c6b115f27}</UniqueIdentifier>
    </Filter>
    <Filter Include="Archivos de encabezado\Components\Utils">
      <UniqueIdentifier>{213e2d60-a048-46e6-a658-21f793358af5}</UniqueIdentifier>
    </Filter>
    <Filter Include="Archivos de encabezado\Components\Renderer">
      <UniqueIdentifier>{b1d62ed4-0777-4c93-ba4f-1ce238657cc4}</UniqueIdentifier>
    </Filter>
    <Filter Include="Archivos de encabezado\Components\Pools">
      <UniqueIdentifier>{abf0af98-bf23-4128-8bfc-f5940bc2743d}</UniqueIdentifier>
    </Filter>
    <Filter Include="Archivos de origen\Component\AI">
      <UniqueIdentifier>{78b0fff6-7ec1-4d41-9817-5f9e4d01201c}</UniqueIdentifier>
    </Filter>
    <Filter Include="Archivos de origen\Component\Cook">
      <UniqueIdentifier>{c8d716e9-d284-4d15-bb33-8b2bb7f8c309}</UniqueIdentifier>
    </Filter>
    <Filter Include="Archivos de origen\Component\Game">
      <UniqueIdentifier>{e3985c25-3abf-41e2-8a4d-21cf57dfd2c4}</UniqueIdentifier>
    </Filter>
    <Filter Include="Archivos de origen\Component\Renderer">
      <UniqueIdentifier>{d0067268-42e0-4353-b797-7890ca64aaa8}</UniqueIdentifier>
    </Filter>
    <Filter Include="Archivos de origen\Component\Utils">
      <UniqueIdentifier>{ebaf9f3a-a648-4f53-958b-4923c2ce2f9a}</UniqueIdentifier>
    </Filter>
    <Filter Include="Archivos de origen\Component\Pools">
      <UniqueIdentifier>{aced69cc-f9a2-47e8-b617-465a1165f429}</UniqueIdentifier>
    </Filter>
    <Filter Include="Archivos de origen\Component\Controls">
      <UniqueIdentifier>{9728116d-f529-45a5-8c9c-84ef43c73b98}</UniqueIdentifier>
    </Filter>
    <Filter Include="Archivos de origen\Component\Movement">
      <UniqueIdentifier>{ffd1c2b8-3721-4370-8529-1b4dca26974e}</UniqueIdentifier>
    </Filter>
    <Filter Include="Archivos de origen\Component\Player">
      <UniqueIdentifier>{335287c1-72f2-40a8-b3dc-4d2a77a9ca75}</UniqueIdentifier>
    </Filter>
    <Filter Include="Archivos de encabezado\Components\Game">
      <UniqueIdentifier>{bc3c2fbd-c8b8-4f8b-8747-546d3cd6badf}</UniqueIdentifier>
    </Filter>
    <Filter Include="Archivos de encabezado\Components\Controls">
      <UniqueIdentifier>{828a0048-5aaa-49ff-bf14-00c03d0a9ba0}</UniqueIdentifier>
    </Filter>
    <Filter Include="Archivos de encabezado\Components\AI">
      <UniqueIdentifier>{4e803692-d919-4a93-92d6-f3efd7358ac0}</UniqueIdentifier>
    </Filter>
    <Filter Include="Archivos de encabezado\Components\Cook">
      <UniqueIdentifier>{d777dde9-9e52-476a-9107-1dd27a4ecd07}</UniqueIdentifier>
    </Filter>
    <Filter Include="Archivos de encabezado\Components\Movement">
      <UniqueIdentifier>{e63ec312-e0a6-4858-83ac-60c902c24cd0}</UniqueIdentifier>
    </Filter>
    <Filter Include="Archivos de encabezado\Components\Player">
      <UniqueIdentifier>{9be01341-68f0-44fa-9611-1a063d291d80}</UniqueIdentifier>
    </Filter>
  </ItemGroup>
  <ItemGroup>
    <ClInclude Include="Component.h">
      <Filter>Archivos de encabezado\Components</Filter>
    </ClInclude>
    <ClInclude Include="ecs.h">
      <Filter>Archivos de encabezado\Components</Filter>
    </ClInclude>
    <ClInclude Include="AudioManager.h">
      <Filter>Archivos de encabezado\ResourcesManagers</Filter>
    </ClInclude>
    <ClInclude Include="FontsManager.h">
      <Filter>Archivos de encabezado\ResourcesManagers</Filter>
    </ClInclude>
    <ClInclude Include="Font.h">
      <Filter>Archivos de encabezado\ResourcesManagers</Filter>
    </ClInclude>
    <ClInclude Include="SDLFontsManager.h">
      <Filter>Archivos de encabezado\ResourcesManagers</Filter>
    </ClInclude>
    <ClInclude Include="SDLAudioManager.h">
      <Filter>Archivos de encabezado\ResourcesManagers</Filter>
    </ClInclude>
    <ClInclude Include="Resources.h">
      <Filter>Archivos de encabezado\ResourcesManagers</Filter>
    </ClInclude>
    <ClInclude Include="Texture.h">
      <Filter>Archivos de encabezado\ResourcesManagers</Filter>
    </ClInclude>
    <ClInclude Include="TexturesManager.h">
      <Filter>Archivos de encabezado\ResourcesManagers</Filter>
    </ClInclude>
    <ClInclude Include="SDLTexturesManager.h">
      <Filter>Archivos de encabezado\ResourcesManagers</Filter>
    </ClInclude>
    <ClInclude Include="Collisions.h">
      <Filter>Archivos de encabezado\Helpers</Filter>
    </ClInclude>
    <ClInclude Include="checkML.h">
      <Filter>Archivos de encabezado\Helpers</Filter>
    </ClInclude>
    <ClInclude Include="jute.h">
      <Filter>Archivos de encabezado\Helpers</Filter>
    </ClInclude>
    <ClInclude Include="RandomNumberGenerator.h">
      <Filter>Archivos de encabezado\Helpers</Filter>
    </ClInclude>
    <ClInclude Include="SDL_macros.h">
      <Filter>Archivos de encabezado\Helpers</Filter>
    </ClInclude>
    <ClInclude Include="SRandBasedGenerator.h">
      <Filter>Archivos de encabezado\Helpers</Filter>
    </ClInclude>
    <ClInclude Include="Vector2D.h">
      <Filter>Archivos de encabezado\Helpers</Filter>
    </ClInclude>
    <ClInclude Include="framework.h">
      <Filter>Archivos de encabezado\VisualStudio</Filter>
    </ClInclude>
    <ClInclude Include="targetver.h">
      <Filter>Archivos de encabezado\VisualStudio</Filter>
    </ClInclude>
    <ClInclude Include="Entity.h">
      <Filter>Archivos de encabezado\Objects</Filter>
    </ClInclude>
    <ClInclude Include="InputHandler.h">
      <Filter>Archivos de encabezado\Objects</Filter>
    </ClInclude>
    <ClInclude Include="ObjectPool.h">
      <Filter>Archivos de encabezado\Objects</Filter>
    </ClInclude>
    <ClInclude Include="AnimalCooking.h">
      <Filter>Archivos de encabezado\Objects</Filter>
    </ClInclude>
    <ClInclude Include="SDLGame.h">
      <Filter>Archivos de encabezado\Objects</Filter>
    </ClInclude>
    <ClInclude Include="Resource.h">
      <Filter>Archivos de encabezado\VisualStudio</Filter>
    </ClInclude>
    <ClInclude Include="Manager.h">
      <Filter>Archivos de encabezado\Objects</Filter>
    </ClInclude>
    <ClInclude Include="Transform.h">
      <Filter>Archivos de encabezado\Components\Movement</Filter>
    </ClInclude>
  </ItemGroup>
  <ItemGroup>
    <ClCompile Include="main.cpp">
      <Filter>Archivos de origen</Filter>
    </ClCompile>
    <ClCompile Include="Component.cpp">
      <Filter>Archivos de origen\Component</Filter>
    </ClCompile>
    <ClCompile Include="AudioManager.cpp">
      <Filter>Archivos de origen\ResourcesManagers</Filter>
    </ClCompile>
    <ClCompile Include="Font.cpp">
      <Filter>Archivos de origen\ResourcesManagers</Filter>
    </ClCompile>
    <ClCompile Include="FontsManager.cpp">
      <Filter>Archivos de origen\ResourcesManagers</Filter>
    </ClCompile>
    <ClCompile Include="Resources.cpp">
      <Filter>Archivos de origen\ResourcesManagers</Filter>
    </ClCompile>
    <ClCompile Include="SDLAudioManager.cpp">
      <Filter>Archivos de origen\ResourcesManagers</Filter>
    </ClCompile>
    <ClCompile Include="SDLFontsManager.cpp">
      <Filter>Archivos de origen\ResourcesManagers</Filter>
    </ClCompile>
    <ClCompile Include="SDLTexturesManager.cpp">
      <Filter>Archivos de origen\ResourcesManagers</Filter>
    </ClCompile>
    <ClCompile Include="TexturesManager.cpp">
      <Filter>Archivos de origen\ResourcesManagers</Filter>
    </ClCompile>
    <ClCompile Include="Texture.cpp">
      <Filter>Archivos de origen\ResourcesManagers</Filter>
    </ClCompile>
    <ClCompile Include="Collisions.cpp">
      <Filter>Archivos de origen\Helpers</Filter>
    </ClCompile>
    <ClCompile Include="jute.cpp">
      <Filter>Archivos de origen\Helpers</Filter>
    </ClCompile>
    <ClCompile Include="RandomNumberGenerator.cpp">
      <Filter>Archivos de origen\Helpers</Filter>
    </ClCompile>
    <ClCompile Include="SRandBasedGenerator.cpp">
      <Filter>Archivos de origen\Helpers</Filter>
    </ClCompile>
    <ClCompile Include="sdl_macros.cpp">
      <Filter>Archivos de origen\Helpers</Filter>
    </ClCompile>
    <ClCompile Include="Vector2D.cpp">
      <Filter>Archivos de origen\Helpers</Filter>
    </ClCompile>
    <ClCompile Include="Entity.cpp">
      <Filter>Archivos de origen\Objects</Filter>
    </ClCompile>
    <ClCompile Include="AnimalCooking.cpp">
      <Filter>Archivos de origen\Objects</Filter>
    </ClCompile>
    <ClCompile Include="SDLGame.cpp">
      <Filter>Archivos de origen\Objects</Filter>
    </ClCompile>
    <ClCompile Include="Manager.cpp">
      <Filter>Archivos de origen\Objects</Filter>
    </ClCompile>
    <ClCompile Include="InputHandler.cpp">
      <Filter>Archivos de origen\Objects</Filter>
    </ClCompile>
    <ClCompile Include="Transform.cpp">
      <Filter>Archivos de origen\Component\Movement</Filter>
    </ClCompile>
  </ItemGroup>
  <ItemGroup>
    <ResourceCompile Include="AnimalCooking.rc">
      <Filter>Archivos de recursos</Filter>
    </ResourceCompile>
  </ItemGroup>
  <ItemGroup>
    <Image Include="small.ico">
      <Filter>Archivos de recursos</Filter>
    </Image>
    <Image Include="AnimalCooking.ico">
      <Filter>Archivos de recursos</Filter>
    </Image>
  </ItemGroup>
</Project>