<?xml version="1.0" encoding="utf-8"?>
<Project ToolsVersion="4.0" xmlns="http://schemas.microsoft.com/developer/msbuild/2003">
  <ItemGroup>
    <ClCompile Include="AdversityEffect.cpp" />
    <ClCompile Include="AdversityLoader.cpp" />
    <ClCompile Include="AdversityMotion.cpp" />
    <ClCompile Include="AdversitySpawn.cpp" />
    <ClCompile Include="AdversityViewer.cpp" />
    <ClCompile Include="AIAssistant.cpp" />
    <ClCompile Include="AIClient.cpp" />
    <ClCompile Include="AIIngredient.cpp" />
    <ClCompile Include="Animator.cpp" />
    <ClCompile Include="AssistantMotion.cpp" />
    <ClCompile Include="AssistantViewer.cpp" />
    <ClCompile Include="Attack.cpp" />
    <ClCompile Include="AudioManager.cpp" />
    <ClCompile Include="BinAdder.cpp" />
    <ClCompile Include="BinEntity.cpp" />
    <ClCompile Include="BinViewer.cpp" />
    <ClCompile Include="ButtonBehaviour.cpp" />
    <ClCompile Include="ButtonRenderer.cpp" />
    <ClCompile Include="Collisions.cpp" />
    <ClCompile Include="CollisionsSystem.cpp" />
    <ClCompile Include="Component.cpp" />
    <ClCompile Include="ConfigState.cpp" />
    <ClCompile Include="Converter.cpp" />
    <ClCompile Include="Cooker.cpp" />
    <ClCompile Include="CookerPool.cpp" />
    <ClCompile Include="CookersAdder.cpp" />
    <ClCompile Include="CookerViewer.cpp" />
    <ClCompile Include="CreditsState.cpp" />
    <ClCompile Include="Dish.cpp" />
    <ClCompile Include="DishAdder.cpp" />
    <ClCompile Include="DishFinisher.cpp" />
    <ClCompile Include="DishMotion.cpp" />
    <ClCompile Include="DishPool.cpp" />
    <ClCompile Include="DishStack.cpp" />
    <ClCompile Include="DishStackViewer.cpp" />
    <ClCompile Include="DishViewer.cpp" />
    <ClCompile Include="EndState.cpp" />
    <ClCompile Include="Entity.cpp" />
    <ClCompile Include="FeedBack.cpp" />
    <ClCompile Include="Font.cpp" />
    <ClCompile Include="FontsManager.cpp" />
    <ClCompile Include="Food.cpp" />
    <ClCompile Include="FoodConfig.cpp" />
    <ClCompile Include="FoodCooker.cpp" />
    <ClCompile Include="FoodDictionary.cpp" />
    <ClCompile Include="FoodGiver.cpp" />
    <ClCompile Include="FoodGiverAdder.cpp" />
    <ClCompile Include="FoodGiverViewer.cpp" />
    <ClCompile Include="FoodMotion.cpp" />
    <ClCompile Include="FoodPool.cpp" />
    <ClCompile Include="FoodPoolAdder.cpp" />
    <ClCompile Include="FoodTextures.cpp" />
    <ClCompile Include="FoodViewer.cpp" />
    <ClCompile Include="FSM.cpp" />
    <ClCompile Include="GameControl.cpp" />
    <ClCompile Include="GameLoader.cpp" />
    <ClCompile Include="GameLogic.cpp" />
    <ClCompile Include="GameManager.cpp" />
    <ClCompile Include="GameManagerAdder.cpp" />
    <ClCompile Include="GameSave.cpp" />
    <ClCompile Include="GPadController.cpp" />
    <ClCompile Include="IngAdder.cpp" />
    <ClCompile Include="Ingredient.cpp" />
    <ClCompile Include="IngredientMotion.cpp" />
    <ClCompile Include="IngredientSpawn.cpp" />
    <ClCompile Include="IngredientsPool.cpp" />
    <ClCompile Include="IngredientViewer.cpp" />
    <ClCompile Include="AdversityManager.cpp" />
    <ClCompile Include="Adversity.cpp" />
    <ClCompile Include="HookAdversity.cpp" />
    <ClCompile Include="PlaneAdversity.cpp" />
    <ClCompile Include="BurnedCookerAdversity.cpp" />
    <ClCompile Include="OrderService.cpp" />
    <ClCompile Include="OrderServiceViewer.cpp" />
    <ClCompile Include="InOutFood.cpp" />
    <ClCompile Include="InputHandler.cpp" />
    <ClCompile Include="InsertExpel.cpp" />
    <ClCompile Include="InteractionRect.cpp" />
    <ClCompile Include="Interactive.cpp" />
    <ClCompile Include="jute.cpp" />
    <ClCompile Include="KeyBoardController.cpp" />
    <ClCompile Include="LevelInitializer.cpp" />
    <ClCompile Include="LoadingBarViewer.cpp" />
    <ClCompile Include="main.cpp" />
    <ClCompile Include="Manager.cpp" />
    <ClCompile Include="AnimalCooking.cpp" />
    <ClCompile Include="MapState.cpp" />
    <ClCompile Include="MenuState.cpp" />
    <ClCompile Include="OrderManager.cpp" />
    <ClCompile Include="OrderViewer.cpp" />
    <ClCompile Include="PauseState.cpp" />
    <ClCompile Include="Pickable.cpp" />
    <ClCompile Include="PlayerController.cpp" />
    <ClCompile Include="PlayerMotion.cpp" />
    <ClCompile Include="PlayersAdder.cpp" />
    <ClCompile Include="PlayerViewer.cpp" />
    <ClCompile Include="PlayState.cpp" />
    <ClCompile Include="RandomNumberGenerator.cpp" />
    <ClCompile Include="Resources.cpp" />
    <ClCompile Include="ScoreManager.cpp" />
    <ClCompile Include="ScoreViewer.cpp" />
    <ClCompile Include="ScreenLoader.cpp" />
    <ClCompile Include="SDLAudioManager.cpp" />
    <ClCompile Include="SDLFontsManager.cpp" />
    <ClCompile Include="SDLGame.cpp" />
    <ClCompile Include="SDLRenderer.cpp" />
    <ClCompile Include="SDLRendererFrame.cpp" />
    <ClCompile Include="SDLTexturesManager.cpp" />
    <ClCompile Include="sdl_macros.cpp" />
    <ClCompile Include="Selector.cpp" />
    <ClCompile Include="SelectorPopUp.cpp" />
    <ClCompile Include="Shelf.cpp" />
    <ClCompile Include="ShelfAdder.cpp" />
    <ClCompile Include="ShelfViewer.cpp" />
    <ClCompile Include="Sink.cpp" />
    <ClCompile Include="SinkAdder.cpp" />
    <ClCompile Include="SinkViewer.cpp" />
    <ClCompile Include="SelectorPopUpEntity.cpp" />
    <ClCompile Include="SoundManager.cpp" />
    <ClCompile Include="SRandBasedGenerator.cpp" />
    <ClCompile Include="State.cpp" />
    <ClCompile Include="StaticRenderer.cpp" />
    <ClCompile Include="Texture.cpp" />
    <ClCompile Include="TexturesManager.cpp" />
    <ClCompile Include="Timer.cpp" />
    <ClCompile Include="Transform.cpp" />
    <ClCompile Include="Transport.cpp" />
    <ClCompile Include="Utensil.cpp" />
    <ClCompile Include="UtensilsAdder.cpp" />
    <ClCompile Include="UtensilsMotion.cpp" />
    <ClCompile Include="UtensilsPool.cpp" />
    <ClCompile Include="UtensilsViewer.cpp" />
    <ClCompile Include="Vector2D.cpp" />
    <ClCompile Include="IngredientInitializer.cpp" />
    <ClCompile Include="SliderBehaviour.cpp" />
    <ClCompile Include="SliderRenderer.cpp" />
    <ClCompile Include="BackGroundViewer.cpp" />
    <ClCompile Include="MenuButtonRenderer.cpp" />
    <ClCompile Include="MenuButtonBehaviour.cpp" />
    <ClCompile Include="TimerViewer.cpp" />
    <ClCompile Include="OrderAdder.cpp" />
    <ClCompile Include="MainMenuPadNavigation.cpp" />
    <ClCompile Include="ButtonPadNavigation.cpp" />
    <ClCompile Include="Wall.cpp" />
    <ClCompile Include="WallAdder.cpp" />
    <ClCompile Include="Door.cpp" />
    <ClCompile Include="DoorRenderer.cpp" />
    <ClCompile Include="Order.cpp" />
    <ClCompile Include="GameConfig.cpp" />
    <ClCompile Include="MultipleAdversityManager.cpp" />
    <ClCompile Include="RainAdversity.cpp" />
    <ClCompile Include="LevelViewer.cpp" />
    <ClCompile Include="KeyboardKeySwitcher.cpp" />
    <ClCompile Include="KeyboardKeySwitcherViewer.cpp" />
    <ClCompile Include="GpadKeySwitcher.cpp" />
    <ClCompile Include="GpadKeySwitcherViewer.cpp" />
    <ClCompile Include="KeySwitcher.cpp" />
    <ClCompile Include="SwitcherKeyboard.cpp" />
    <ClCompile Include="SwitcherGPad.cpp" />
    <ClCompile Include="ImageViewer.cpp" />
    <ClCompile Include="MapConfig.cpp" />
    <ClCompile Include="NameAsker.cpp" />
    <ClCompile Include="CreditsViewer.cpp" />
    <ClCompile Include="MapInfoBoxViewer.cpp" />
    <ClCompile Include="ButtonBehaviourNC.cpp" />
    <ClCompile Include="ButtonRendererHouse.cpp" />
    <ClCompile Include="ButtonChangeOnClick.cpp" />
    <ClCompile Include="CreditsViewer.cpp" />
    <ClCompile Include="AdversityAdder.cpp" />
  </ItemGroup>
  <ItemGroup>
    <ClInclude Include="Adversity.h" />
    <ClInclude Include="AdversityEffect.h" />
    <ClInclude Include="AdversityLoader.h" />
    <ClInclude Include="AdversityMotion.h" />
    <ClInclude Include="AdversitySpawn.h" />
    <ClInclude Include="AdversityViewer.h" />
    <ClInclude Include="AIAssistant.h" />
    <ClInclude Include="AIClient.h" />
    <ClInclude Include="AIIngredient.h" />
    <ClInclude Include="Animator.h" />
    <ClInclude Include="AssistantMotion.h" />
    <ClInclude Include="AssistantViewer.h" />
    <ClInclude Include="Attack.h" />
    <ClInclude Include="AudioManager.h" />
    <ClInclude Include="BinAdder.h" />
    <ClInclude Include="BinEntity.h" />
    <ClInclude Include="BinViewer.h" />
    <ClInclude Include="ButtonBehaviour.h" />
    <ClInclude Include="ButtonRenderer.h" />
    <ClInclude Include="checkML.h" />
    <ClInclude Include="Collisions.h" />
    <ClInclude Include="CollisionsSystem.h" />
    <ClInclude Include="Component.h" />
    <ClInclude Include="ConfigState.h" />
    <ClInclude Include="Converter.h" />
    <ClInclude Include="Cooker.h" />
    <ClInclude Include="CookerPool.h" />
    <ClInclude Include="CookersAdder.h" />
    <ClInclude Include="CookerViewer.h" />
    <ClInclude Include="CreditsState.h" />
    <ClInclude Include="Dish.h" />
    <ClInclude Include="DishAdder.h" />
    <ClInclude Include="DishFinisher.h" />
    <ClInclude Include="DishMotion.h" />
    <ClInclude Include="DishPool.h" />
    <ClInclude Include="DishStack.h" />
    <ClInclude Include="DishStackViewer.h" />
    <ClInclude Include="DishViewer.h" />
    <ClInclude Include="ecs.h" />
    <ClInclude Include="EndState.h" />
    <ClInclude Include="Entity.h" />
    <ClInclude Include="FeedBack.h" />
    <ClInclude Include="Font.h" />
    <ClInclude Include="FontsManager.h" />
    <ClInclude Include="Food.h" />
    <ClInclude Include="FoodConfig.h" />
    <ClInclude Include="FoodCooker.h" />
    <ClInclude Include="FoodDictionary.h" />
    <ClInclude Include="FoodEnum.h" />
    <ClInclude Include="FoodGiver.h" />
    <ClInclude Include="FoodGiverAdder.h" />
    <ClInclude Include="FoodGiverViewer.h" />
    <ClInclude Include="FoodConfig.h">
      <Filter>Header Files\Food</Filter>
    </ClInclude>
    <ClInclude Include="BinAdder.h">
      <Filter>Header Files\Adders</Filter>
    </ClInclude>
    <ClInclude Include="CookersAdder.h">
      <Filter>Header Files\Adders</Filter>
    </ClInclude>
    <ClInclude Include="DishAdder.h">
      <Filter>Header Files\Adders</Filter>
    </ClInclude>
    <ClInclude Include="FoodGiverAdder.h">
      <Filter>Header Files\Adders</Filter>
    </ClInclude>
    <ClInclude Include="AdversityManager.h" />
    <ClInclude Include="HookAdversity.h" />
    <ClInclude Include="PlaneAdversity.h" />
    <ClInclude Include="BurnedCookerAdversity.h" />
    <ClInclude Include="Order.h" />
    <ClInclude Include="OrderService.h" />
    <ClInclude Include="OrderServiceViewer.h" />
    <ClInclude Include="FoodMotion.h" />
    <ClInclude Include="FoodPool.h" />
    <ClInclude Include="FoodPoolAdder.h" />
    <ClInclude Include="FoodTextures.h" />
    <ClInclude Include="FoodViewer.h" />
    <ClInclude Include="framework.h" />
    <ClInclude Include="FSM.h" />
    <ClInclude Include="GameControl.h" />
    <ClInclude Include="GameLoader.h" />
    <ClInclude Include="GameLogic.h" />
    <ClInclude Include="GameManager.h" />
    <ClInclude Include="GameManagerAdder.h" />
    <ClInclude Include="GameSave.h" />
    <ClInclude Include="GameStates.h" />
    <ClInclude Include="GPadController.h" />
    <ClInclude Include="IngAdder.h" />
    <ClInclude Include="Ingredient.h" />
    <ClInclude Include="IngredientMotion.h" />
    <ClInclude Include="IngredientSpawn.h" />
    <ClInclude Include="IngredientsPool.h" />
    <ClInclude Include="IngredientViewer.h" />
    <ClInclude Include="InOutFood.h" />
    <ClInclude Include="InputHandler.h" />
    <ClInclude Include="InsertExpel.h" />
    <ClInclude Include="InteractionRect.h" />
    <ClInclude Include="Interactive.h" />
    <ClInclude Include="jute.h" />
    <ClInclude Include="KeyBoardController.h" />
    <ClInclude Include="LevelInitializer.h" />
    <ClInclude Include="LoadingBarViewer.h" />
    <ClInclude Include="Manager.h" />
    <ClInclude Include="MapState.h" />
    <ClInclude Include="MenuState.h" />
    <ClInclude Include="ObjectPool.h" />
    <ClInclude Include="AnimalCooking.h" />
    <ClInclude Include="OrderManager.h" />
    <ClInclude Include="OrderViewer.h" />
    <ClInclude Include="PauseState.h" />
    <ClInclude Include="Pickable.h" />
    <ClInclude Include="PlayerController.h" />
    <ClInclude Include="PlayerMotion.h" />
    <ClInclude Include="PlayersAdder.h" />
    <ClInclude Include="PlayerViewer.h" />
    <ClInclude Include="PlayState.h" />
    <ClInclude Include="RandomNumberGenerator.h" />
    <ClInclude Include="Resource.h" />
    <ClInclude Include="Resources.h" />
    <ClInclude Include="ScoreManager.h" />
    <ClInclude Include="ScoreViewer.h" />
    <ClInclude Include="ScreenLoader.h" />
    <ClInclude Include="SDLAudioManager.h" />
    <ClInclude Include="SDLFontsManager.h" />
    <ClInclude Include="SDLGame.h" />
    <ClInclude Include="SDLRenderer.h" />
    <ClInclude Include="SDLRendererFrame.h" />
    <ClInclude Include="SDLTexturesManager.h" />
    <ClInclude Include="SDL_macros.h" />
    <ClInclude Include="Selector.h" />
    <ClInclude Include="SelectorPopUp.h" />
    <ClInclude Include="Shelf.h" />
    <ClInclude Include="ShelfAdder.h" />
    <ClInclude Include="ShelfViewer.h" />
    <ClInclude Include="Sink.h" />
    <ClInclude Include="SinkAdder.h" />
    <ClInclude Include="SinkViewer.h" />
    <ClInclude Include="SelectorPopUpEntity.h" />
    <ClInclude Include="SoundManager.h" />
    <ClInclude Include="SRandBasedGenerator.h" />
    <ClInclude Include="State.h" />
    <ClInclude Include="StaticRenderer.h" />
    <ClInclude Include="targetver.h" />
    <ClInclude Include="TextSpeechBubble.h" />
    <ClInclude Include="TextSpeechBubbleViewer.h" />
    <ClInclude Include="Texture.h" />
    <ClInclude Include="TexturesManager.h" />
    <ClInclude Include="Timer.h" />
    <ClInclude Include="Transform.h" />
    <ClInclude Include="Transport.h" />
    <ClInclude Include="Utensil.h" />
    <ClInclude Include="UtensilsAdder.h" />
    <ClInclude Include="UtensilsMotion.h" />
    <ClInclude Include="UtensilsPool.h" />
    <ClInclude Include="UtensilsViewer.h" />
    <ClInclude Include="Vector2D.h" />
    <ClInclude Include="IngredientInitializer.h" />
    <ClInclude Include="SliderBehaviour.h" />
    <ClInclude Include="SliderRenderer.h" />
    <ClInclude Include="BackGroundViewer.h" />
    <ClInclude Include="MenuButtonRenderer.h" />
    <ClInclude Include="MenuButtonBehaviour.h" />
    <ClInclude Include="TimerViewer.h" />
    <ClInclude Include="OrderAdder.h" />
    <ClInclude Include="MainMenuPadNavigation.h" />
    <ClInclude Include="ButtonPadNavigation.h" />
    <ClInclude Include="Wall.h" />
    <ClInclude Include="WallAdder.h" />
    <ClInclude Include="Door.h" />
    <ClInclude Include="DoorRenderer.h" />
    <ClInclude Include="GameConfig.h" />
    <ClInclude Include="FoodPoolAdder.h" />
    <ClInclude Include="GameManagerAdder.h" />
    <ClInclude Include="IngAdder.h" />
    <ClInclude Include="LevelInitializer.h" />
    <ClInclude Include="PlayersAdder.h" />
    <ClInclude Include="ShelfAdder.h" />
    <ClInclude Include="SinkAdder.h" />
    <ClInclude Include="UtensilsAdder.h" />
    <ClInclude Include="MultipleAdversityManager.h" />
    <ClInclude Include="RainAdversity.h" />
    <ClInclude Include="LevelViewer.h" />
    <ClInclude Include="KeyboardKeySwitcher.h" />
    <ClInclude Include="KeyboardKeySwitcherViewer.h" />
    <ClInclude Include="GpadKeySwitcher.h" />
    <ClInclude Include="GpadKeySwitcherViewer.h" />
    <ClInclude Include="KeySwitcher.h" />
    <ClInclude Include="SwitcherKeyboard.h" />
    <ClInclude Include="SwitcherGPad.h" />
    <ClInclude Include="ImageViewer.h" />
    <ClInclude Include="MapConfig.h" />
    <ClInclude Include="NameAsker.h" />
    <ClInclude Include="CreditsViewer.h" />
    <ClInclude Include="MapInfoBoxViewer.h" />
    <ClInclude Include="ButtonBehaviourNC.h" />
    <ClInclude Include="ButtonRendererHouse.h" />
    <ClInclude Include="ButtonChangeOnClick.h" />
    <ClInclude Include="CreditsViewer.h" />
    <ClInclude Include="AdversityAdder.h" />
  </ItemGroup>
  <ItemGroup>
    <ResourceCompile Include="AnimalCooking.rc" />
  </ItemGroup>
  <ItemGroup>
    <Image Include="AnimalCooking.ico" />
    <Image Include="small.ico" />
  </ItemGroup>
  <ItemGroup>
    <Filter Include="Source Files">
      <UniqueIdentifier>{6f5bd2ba-cc14-4f11-9c98-3608aace18cd}</UniqueIdentifier>
    </Filter>
    <Filter Include="Headers Files">
      <UniqueIdentifier>{93164c63-2a02-4ba7-b622-32de26aa0cc0}</UniqueIdentifier>
    </Filter>
    <Filter Include="Headers Files\Adversities">
      <UniqueIdentifier>{905d5e98-0f98-4e08-a97e-4aa4a45b1e89}</UniqueIdentifier>
    </Filter>
    <Filter Include="Headers Files\AI">
      <UniqueIdentifier>{45cadca0-2cc6-4961-81b0-f50c01dea14e}</UniqueIdentifier>
    </Filter>
    <Filter Include="Headers Files\Buttons">
      <UniqueIdentifier>{eb032b87-3b1f-4a6e-a197-5185e48c4551}</UniqueIdentifier>
    </Filter>
    <Filter Include="Headers Files\Cookers">
      <UniqueIdentifier>{16131e3b-0f5e-4365-bf5c-de3555a4d70f}</UniqueIdentifier>
    </Filter>
    <Filter Include="Headers Files\Foods">
      <UniqueIdentifier>{f4e7185a-d801-439b-bb29-eb6c394a01a8}</UniqueIdentifier>
    </Filter>
    <Filter Include="Headers Files\Game">
      <UniqueIdentifier>{3d71f315-7332-4faf-bca4-7e03b1d64020}</UniqueIdentifier>
    </Filter>
    <Filter Include="Headers Files\Gpad">
      <UniqueIdentifier>{425771b3-f303-45a9-bbc0-0db7f1e8d8d6}</UniqueIdentifier>
    </Filter>
    <Filter Include="Headers Files\Ingredients">
      <UniqueIdentifier>{dadb2daf-74a8-4b9f-a13f-a666a92ea36b}</UniqueIdentifier>
    </Filter>
    <Filter Include="Headers Files\Levels">
      <UniqueIdentifier>{34638f04-5350-41f9-9831-9dbf3158f5f2}</UniqueIdentifier>
    </Filter>
    <Filter Include="Headers Files\Orders">
      <UniqueIdentifier>{90001198-e331-418a-827b-0e2a8a192e3a}</UniqueIdentifier>
    </Filter>
    <Filter Include="Headers Files\Resources">
      <UniqueIdentifier>{184317dd-014f-48a7-9a8a-a19c32ebad55}</UniqueIdentifier>
    </Filter>
    <Filter Include="Headers Files\States">
      <UniqueIdentifier>{1c988027-6682-4e67-9231-46ccea8b60b6}</UniqueIdentifier>
    </Filter>
    <Filter Include="Headers Files\Utensils">
      <UniqueIdentifier>{06c60058-8e02-4526-b900-f7a03e21cbe8}</UniqueIdentifier>
    </Filter>
    <Filter Include="Source Files\Adversities">
      <UniqueIdentifier>{fca30325-3fd0-4573-b30c-b66c6b6e27fe}</UniqueIdentifier>
    </Filter>
    <Filter Include="Source Files\AI">
      <UniqueIdentifier>{7ff6adaa-2432-4b93-909b-386cb809d65a}</UniqueIdentifier>
    </Filter>
    <Filter Include="Source Files\Buttons">
      <UniqueIdentifier>{372fe2dd-beed-4765-8db2-2d2438b7b82f}</UniqueIdentifier>
    </Filter>
    <Filter Include="Source Files\Cookers">
      <UniqueIdentifier>{a1c23800-43e2-4e6c-8ee2-3b28ecbf1c48}</UniqueIdentifier>
    </Filter>
    <Filter Include="Source Files\Foods">
      <UniqueIdentifier>{d3effed3-110b-411c-8aed-f4c311163d32}</UniqueIdentifier>
    </Filter>
    <Filter Include="Source Files\Game">
      <UniqueIdentifier>{f414c1e2-ed67-4693-801e-19fec288437f}</UniqueIdentifier>
    </Filter>
    <Filter Include="Source Files\Gpad">
      <UniqueIdentifier>{0f72e2d0-be77-4e61-b6e5-2c3a246cb753}</UniqueIdentifier>
    </Filter>
    <Filter Include="Source Files\Ingredients">
      <UniqueIdentifier>{626387ce-f5c4-459c-bcd3-546059290366}</UniqueIdentifier>
    </Filter>
    <Filter Include="Source Files\Levels">
      <UniqueIdentifier>{ac04c7c9-70cf-4c6e-978f-ed4e33387a31}</UniqueIdentifier>
    </Filter>
    <Filter Include="Source Files\Orders">
      <UniqueIdentifier>{70a43791-9ac0-4adb-aac8-e7a131eda1da}</UniqueIdentifier>
    </Filter>
    <Filter Include="Source Files\Resources">
      <UniqueIdentifier>{012e5e7a-3c41-4666-b570-131a9bf3514a}</UniqueIdentifier>
    </Filter>
    <Filter Include="Source Files\States">
      <UniqueIdentifier>{0bf08231-44e4-4ad9-be63-ba5bedf59ade}</UniqueIdentifier>
    </Filter>
    <Filter Include="Source Files\Utensils">
      <UniqueIdentifier>{35757690-3163-45b6-b6e1-5cfa7f87efd9}</UniqueIdentifier>
    </Filter>
  </ItemGroup>
</Project>